
Microsoft Visual Studio Solution File, Format Version 12.00
# Visual Studio Version 16
VisualStudioVersion = 16.0.30907.101
MinimumVisualStudioVersion = 10.0.40219.1
Project("{FAE04EC0-301F-11D3-BF4B-00C04F79EFBC}") = "Variables-MadLib-Exercise", "Variables-MadLib-Exercise\Variables-MadLib-Exercise.csproj", "{86CDBD7F-0250-49E9-9AE1-FCF38DC2C27C}"
EndProject
Global
	GlobalSection(SolutionConfigurationPlatforms) = preSolution
		Debug|Any CPU = Debug|Any CPU
		Release|Any CPU = Release|Any CPU
	EndGlobalSection
	GlobalSection(ProjectConfigurationPlatforms) = postSolution
		{86CDBD7F-0250-49E9-9AE1-FCF38DC2C27C}.Debug|Any CPU.ActiveCfg = Debug|Any CPU
		{86CDBD7F-0250-49E9-9AE1-FCF38DC2C27C}.Debug|Any CPU.Build.0 = Debug|Any CPU
		{86CDBD7F-0250-49E9-9AE1-FCF38DC2C27C}.Release|Any CPU.ActiveCfg = Release|Any CPU
		{86CDBD7F-0250-49E9-9AE1-FCF38DC2C27C}.Release|Any CPU.Build.0 = Release|Any CPU
	EndGlobalSection
	GlobalSection(SolutionProperties) = preSolution
		HideSolutionNode = FALSE
	EndGlobalSection
	GlobalSection(ExtensibilityGlobals) = postSolution
		SolutionGuid = {62A06509-2121-4077-8FF3-69B577B3A0F3}
	EndGlobalSection
EndGlobal
